
Microsoft Visual Studio Solution File, Format Version 12.00
# Visual Studio Version 16
VisualStudioVersion = 16.0.32126.315
MinimumVisualStudioVersion = 10.0.40219.1
Project("{FAE04EC0-301F-11D3-BF4B-00C04F79EFBC}") = "test", "test.csproj", "{45926EFE-B6DF-4F46-B618-B37BC94FFCAE}"
EndProject
Global
	GlobalSection(SolutionConfigurationPlatforms) = preSolution
		Debug|Any CPU = Debug|Any CPU
		Release|Any CPU = Release|Any CPU
	EndGlobalSection
	GlobalSection(ProjectConfigurationPlatforms) = postSolution
		{45926EFE-B6DF-4F46-B618-B37BC94FFCAE}.Debug|Any CPU.ActiveCfg = Debug|Any CPU
		{45926EFE-B6DF-4F46-B618-B37BC94FFCAE}.Debug|Any CPU.Build.0 = Debug|Any CPU
		{45926EFE-B6DF-4F46-B618-B37BC94FFCAE}.Release|Any CPU.ActiveCfg = Release|Any CPU
		{45926EFE-B6DF-4F46-B618-B37BC94FFCAE}.Release|Any CPU.Build.0 = Release|Any CPU
	EndGlobalSection
	GlobalSection(SolutionProperties) = preSolution
		HideSolutionNode = FALSE
	EndGlobalSection
	GlobalSection(ExtensibilityGlobals) = postSolution
		SolutionGuid = {55F5118E-F74F-4DAD-B30C-A9A6725444B6}
	EndGlobalSection
EndGlobal
